// !$*UTF8*$!
{
	archiveVersion = 1;
	classes = {
	};
	objectVersion = 46;
	objects = {

/* Begin PBXBuildFile section */
		DED9226F1C6E822300AA020F /* AppDelegate.swift in Sources */ = {isa = PBXBuildFile; fileRef = DED9226E1C6E822300AA020F /* AppDelegate.swift */; };
		DED922711C6E822300AA020F /* ViewController.swift in Sources */ = {isa = PBXBuildFile; fileRef = DED922701C6E822300AA020F /* ViewController.swift */; };
		DED922741C6E822300AA020F /* Main.storyboard in Resources */ = {isa = PBXBuildFile; fileRef = DED922721C6E822300AA020F /* Main.storyboard */; };
		DED922761C6E822300AA020F /* Assets.xcassets in Resources */ = {isa = PBXBuildFile; fileRef = DED922751C6E822300AA020F /* Assets.xcassets */; };
		DED922791C6E822300AA020F /* LaunchScreen.storyboard in Resources */ = {isa = PBXBuildFile; fileRef = DED922771C6E822300AA020F /* LaunchScreen.storyboard */; };
		DED922841C6E822300AA020F /* Rokk3rLabs_TestTests.swift in Sources */ = {isa = PBXBuildFile; fileRef = DED922831C6E822300AA020F /* Rokk3rLabs_TestTests.swift */; };
/* End PBXBuildFile section */

/* Begin PBXContainerItemProxy section */
		DED922801C6E822300AA020F /* PBXContainerItemProxy */ = {
			isa = PBXContainerItemProxy;
			containerPortal = DED922631C6E822300AA020F /* Project object */;
			proxyType = 1;
			remoteGlobalIDString = DED9226A1C6E822300AA020F;
			remoteInfo = "Rokk3rLabs Test";
		};
/* End PBXContainerItemProxy section */

/* Begin PBXFileReference section */
		DED9226B1C6E822300AA020F /* Rokk3rLabs Test.app */ = {isa = PBXFileReference; explicitFileType = wrapper.application; includeInIndex = 0; path = "Rokk3rLabs Test.app"; sourceTree = BUILT_PRODUCTS_DIR; };
		DED9226E1C6E822300AA020F /* AppDelegate.swift */ = {isa = PBXFileReference; lastKnownFileType = sourcecode.swift; path = AppDelegate.swift; sourceTree = "<group>"; };
		DED922701C6E822300AA020F /* ViewController.swift */ = {isa = PBXFileReference; lastKnownFileType = sourcecode.swift; path = ViewController.swift; sourceTree = "<group>"; };
		DED922731C6E822300AA020F /* Base */ = {isa = PBXFileReference; lastKnownFileType = file.storyboard; name = Base; path = Base.lproj/Main.storyboard; sourceTree = "<group>"; };
		DED922751C6E822300AA020F /* Assets.xcassets */ = {isa = PBXFileReference; lastKnownFileType = folder.assetcatalog; path = Assets.xcassets; sourceTree = "<group>"; };
		DED922781C6E822300AA020F /* Base */ = {isa = PBXFileReference; lastKnownFileType = file.storyboard; name = Base; path = Base.lproj/LaunchScreen.storyboard; sourceTree = "<group>"; };
		DED9227A1C6E822300AA020F /* Info.plist */ = {isa = PBXFileReference; lastKnownFileType = text.plist.xml; path = Info.plist; sourceTree = "<group>"; };
		DED9227F1C6E822300AA020F /* Rokk3rLabs TestTests.xctest */ = {isa = PBXFileReference; explicitFileType = wrapper.cfbundle; includeInIndex = 0; path = "Rokk3rLabs TestTests.xctest"; sourceTree = BUILT_PRODUCTS_DIR; };
		DED922831C6E822300AA020F /* Rokk3rLabs_TestTests.swift */ = {isa = PBXFileReference; lastKnownFileType = sourcecode.swift; path = Rokk3rLabs_TestTests.swift; sourceTree = "<group>"; };
		DED922851C6E822300AA020F /* Info.plist */ = {isa = PBXFileReference; lastKnownFileType = text.plist.xml; path = Info.plist; sourceTree = "<group>"; };
/* End PBXFileReference section */

/* Begin PBXFrameworksBuildPhase section */
		DED922681C6E822300AA020F /* Frameworks */ = {
			isa = PBXFrameworksBuildPhase;
			buildActionMask = 2147483647;
			files = (
			);
			runOnlyForDeploymentPostprocessing = 0;
		};
		DED9227C1C6E822300AA020F /* Frameworks */ = {
			isa = PBXFrameworksBuildPhase;
			buildActionMask = 2147483647;
			files = (
			);
			runOnlyForDeploymentPostprocessing = 0;
		};
/* End PBXFrameworksBuildPhase section */

/* Begin PBXGroup section */
		DED922621C6E822300AA020F = {
			isa = PBXGroup;
			children = (
				DED9226D1C6E822300AA020F /* Rokk3rLabs Test */,
				DED922821C6E822300AA020F /* Rokk3rLabs TestTests */,
				DED9226C1C6E822300AA020F /* Products */,
			);
			sourceTree = "<group>";
		};
		DED9226C1C6E822300AA020F /* Products */ = {
			isa = PBXGroup;
			children = (
				DED9226B1C6E822300AA020F /* Rokk3rLabs Test.app */,
				DED9227F1C6E822300AA020F /* Rokk3rLabs TestTests.xctest */,
			);
			name = Products;
			sourceTree = "<group>";
		};
		DED9226D1C6E822300AA020F /* Rokk3rLabs Test */ = {
			isa = PBXGroup;
			children = (
				DED9226E1C6E822300AA020F /* AppDelegate.swift */,
				DED922701C6E822300AA020F /* ViewController.swift */,
				DED922721C6E822300AA020F /* Main.storyboard */,
				DED922751C6E822300AA020F /* Assets.xcassets */,
				DED922771C6E822300AA020F /* LaunchScreen.storyboard */,
				DED9227A1C6E822300AA020F /* Info.plist */,
			);
			path = "Rokk3rLabs Test";
			sourceTree = "<group>";
		};
		DED922821C6E822300AA020F /* Rokk3rLabs TestTests */ = {
			isa = PBXGroup;
			children = (
				DED922831C6E822300AA020F /* Rokk3rLabs_TestTests.swift */,
				DED922851C6E822300AA020F /* Info.plist */,
			);
			path = "Rokk3rLabs TestTests";
			sourceTree = "<group>";
		};
/* End PBXGroup section */

/* Begin PBXNativeTarget section */
		DED9226A1C6E822300AA020F /* Rokk3rLabs Test */ = {
			isa = PBXNativeTarget;
			buildConfigurationList = DED922881C6E822300AA020F /* Build configuration list for PBXNativeTarget "Rokk3rLabs Test" */;
			buildPhases = (
				DED922671C6E822300AA020F /* Sources */,
				DED922681C6E822300AA020F /* Frameworks */,
				DED922691C6E822300AA020F /* Resources */,
			);
			buildRules = (
			);
			dependencies = (
			);
			name = "Rokk3rLabs Test";
			productName = "Rokk3rLabs Test";
			productReference = DED9226B1C6E822300AA020F /* Rokk3rLabs Test.app */;
			productType = "com.apple.product-type.application";
		};
		DED9227E1C6E822300AA020F /* Rokk3rLabs TestTests */ = {
			isa = PBXNativeTarget;
			buildConfigurationList = DED9228B1C6E822300AA020F /* Build configuration list for PBXNativeTarget "Rokk3rLabs TestTests" */;
			buildPhases = (
				DED9227B1C6E822300AA020F /* Sources */,
				DED9227C1C6E822300AA020F /* Frameworks */,
				DED9227D1C6E822300AA020F /* Resources */,
			);
			buildRules = (
			);
			dependencies = (
				DED922811C6E822300AA020F /* PBXTargetDependency */,
			);
			name = "Rokk3rLabs TestTests";
			productName = "Rokk3rLabs TestTests";
			productReference = DED9227F1C6E822300AA020F /* Rokk3rLabs TestTests.xctest */;
			productType = "com.apple.product-type.bundle.unit-test";
		};
/* End PBXNativeTarget section */

/* Begin PBXProject section */
		DED922631C6E822300AA020F /* Project object */ = {
			isa = PBXProject;
			attributes = {
				LastSwiftUpdateCheck = 0720;
				LastUpgradeCheck = 0720;
				ORGANIZATIONNAME = test;
				TargetAttributes = {
					DED9226A1C6E822300AA020F = {
						CreatedOnToolsVersion = 7.2.1;
					};
					DED9227E1C6E822300AA020F = {
						CreatedOnToolsVersion = 7.2.1;
						TestTargetID = DED9226A1C6E822300AA020F;
					};
				};
			};
			buildConfigurationList = DED922661C6E822300AA020F /* Build configuration list for PBXProject "Rokk3rLabs Test" */;
			compatibilityVersion = "Xcode 3.2";
			developmentRegion = English;
			hasScannedForEncodings = 0;
			knownRegions = (
				en,
				Base,
			);
			mainGroup = DED922621C6E822300AA020F;
			productRefGroup = DED9226C1C6E822300AA020F /* Products */;
			projectDirPath = "";
			projectRoot = "";
			targets = (
				DED9226A1C6E822300AA020F /* Rokk3rLabs Test */,
				DED9227E1C6E822300AA020F /* Rokk3rLabs TestTests */,
			);
		};
/* End PBXProject section */

/* Begin PBXResourcesBuildPhase section */
		DED922691C6E822300AA020F /* Resources */ = {
			isa = PBXResourcesBuildPhase;
			buildActionMask = 2147483647;
			files = (
				DED922791C6E822300AA020F /* LaunchScreen.storyboard in Resources */,
				DED922761C6E822300AA020F /* Assets.xcassets in Resources */,
				DED922741C6E822300AA020F /* Main.storyboard in Resources */,
			);
			runOnlyForDeploymentPostprocessing = 0;
		};
		DED9227D1C6E822300AA020F /* Resources */ = {
			isa = PBXResourcesBuildPhase;
			buildActionMask = 2147483647;
			files = (
			);
			runOnlyForDeploymentPostprocessing = 0;
		};
/* End PBXResourcesBuildPhase section */

/* Begin PBXSourcesBuildPhase section */
		DED922671C6E822300AA020F /* Sources */ = {
			isa = PBXSourcesBuildPhase;
			buildActionMask = 2147483647;
			files = (
				DED922711C6E822300AA020F /* ViewController.swift in Sources */,
				DED9226F1C6E822300AA020F /* AppDelegate.swift in Sources */,
			);
			runOnlyForDeploymentPostprocessing = 0;
		};
		DED9227B1C6E822300AA020F /* Sources */ = {
			isa = PBXSourcesBuildPhase;
			buildActionMask = 2147483647;
			files = (
				DED922841C6E822300AA020F /* Rokk3rLabs_TestTests.swift in Sources */,
			);
			runOnlyForDeploymentPostprocessing = 0;
		};
/* End PBXSourcesBuildPhase section */

/* Begin PBXTargetDependency section */
		DED922811C6E822300AA020F /* PBXTargetDependency */ = {
			isa = PBXTargetDependency;
			target = DED9226A1C6E822300AA020F /* Rokk3rLabs Test */;
			targetProxy = DED922801C6E822300AA020F /* PBXContainerItemProxy */;
		};
/* End PBXTargetDependency section */

/* Begin PBXVariantGroup section */
		DED922721C6E822300AA020F /* Main.storyboard */ = {
			isa = PBXVariantGroup;
			children = (
				DED922731C6E822300AA020F /* Base */,
			);
			name = Main.storyboard;
			sourceTree = "<group>";
		};
		DED922771C6E822300AA020F /* LaunchScreen.storyboard */ = {
			isa = PBXVariantGroup;
			children = (
				DED922781C6E822300AA020F /* Base */,
			);
			name = LaunchScreen.storyboard;
			sourceTree = "<group>";
		};
/* End PBXVariantGroup section */

/* Begin XCBuildConfiguration section */
		DED922861C6E822300AA020F /* Debug */ = {
			isa = XCBuildConfiguration;
			buildSettings = {
				ALWAYS_SEARCH_USER_PATHS = NO;
				CLANG_CXX_LANGUAGE_STANDARD = "gnu++0x";
				CLANG_CXX_LIBRARY = "libc++";
				CLANG_ENABLE_MODULES = YES;
				CLANG_ENABLE_OBJC_ARC = YES;
				CLANG_WARN_BOOL_CONVERSION = YES;
				CLANG_WARN_CONSTANT_CONVERSION = YES;
				CLANG_WARN_DIRECT_OBJC_ISA_USAGE = YES_ERROR;
				CLANG_WARN_EMPTY_BODY = YES;
				CLANG_WARN_ENUM_CONVERSION = YES;
				CLANG_WARN_INT_CONVERSION = YES;
				CLANG_WARN_OBJC_ROOT_CLASS = YES_ERROR;
				CLANG_WARN_UNREACHABLE_CODE = YES;
				CLANG_WARN__DUPLICATE_METHOD_MATCH = YES;
				"CODE_SIGN_IDENTITY[sdk=iphoneos*]" = "iPhone Developer";
				COPY_PHASE_STRIP = NO;
				DEBUG_INFORMATION_FORMAT = dwarf;
				ENABLE_STRICT_OBJC_MSGSEND = YES;
				ENABLE_TESTABILITY = YES;
				GCC_C_LANGUAGE_STANDARD = gnu99;
				GCC_DYNAMIC_NO_PIC = NO;
				GCC_NO_COMMON_BLOCKS = YES;
				GCC_OPTIMIZATION_LEVEL = 0;
				GCC_PREPROCESSOR_DEFINITIONS = (
					"DEBUG=1",
					"$(inherited)",
				);
				GCC_WARN_64_TO_32_BIT_CONVERSION = YES;
				GCC_WARN_ABOUT_RETURN_TYPE = YES_ERROR;
				GCC_WARN_UNDECLARED_SELECTOR = YES;
				GCC_WARN_UNINITIALIZED_AUTOS = YES_AGGRESSIVE;
				GCC_WARN_UNUSED_FUNCTION = YES;
				GCC_WARN_UNUSED_VARIABLE = YES;
				IPHONEOS_DEPLOYMENT_TARGET = 9.2;
				MTL_ENABLE_DEBUG_INFO = YES;
				ONLY_ACTIVE_ARCH = YES;
				SDKROOT = iphoneos;
				SWIFT_OPTIMIZATION_LEVEL = "-Onone";
			};
			name = Debug;
		};
		DED922871C6E822300AA020F /* Release */ = {
			isa = XCBuildConfiguration;
			buildSettings = {
				ALWAYS_SEARCH_USER_PATHS = NO;
				CLANG_CXX_LANGUAGE_STANDARD = "gnu++0x";
				CLANG_CXX_LIBRARY = "libc++";
				CLANG_ENABLE_MODULES = YES;
				CLANG_ENABLE_OBJC_ARC = YES;
				CLANG_WARN_BOOL_CONVERSION = YES;
				CLANG_WARN_CONSTANT_CONVERSION = YES;
				CLANG_WARN_DIRECT_OBJC_ISA_USAGE = YES_ERROR;
				CLANG_WARN_EMPTY_BODY = YES;
				CLANG_WARN_ENUM_CONVERSION = YES;
				CLANG_WARN_INT_CONVERSION = YES;
				CLANG_WARN_OBJC_ROOT_CLASS = YES_ERROR;
				CLANG_WARN_UNREACHABLE_CODE = YES;
				CLANG_WARN__DUPLICATE_METHOD_MATCH = YES;
				"CODE_SIGN_IDENTITY[sdk=iphoneos*]" = "iPhone Developer";
				COPY_PHASE_STRIP = NO;
				DEBUG_INFORMATION_FORMAT = "dwarf-with-dsym";
				ENABLE_NS_ASSERTIONS = NO;
				ENABLE_STRICT_OBJC_MSGSEND = YES;
				GCC_C_LANGUAGE_STANDARD = gnu99;
				GCC_NO_COMMON_BLOCKS = YES;
				GCC_WARN_64_TO_32_BIT_CONVERSION = YES;
				GCC_WARN_ABOUT_RETURN_TYPE = YES_ERROR;
				GCC_WARN_UNDECLARED_SELECTOR = YES;
				GCC_WARN_UNINITIALIZED_AUTOS = YES_AGGRESSIVE;
				GCC_WARN_UNUSED_FUNCTION = YES;
				GCC_WARN_UNUSED_VARIABLE = YES;
				IPHONEOS_DEPLOYMENT_TARGET = 9.2;
				MTL_ENABLE_DEBUG_INFO = NO;
				SDKROOT = iphoneos;
				VALIDATE_PRODUCT = YES;
			};
			name = Release;
		};
		DED922891C6E822300AA020F /* Debug */ = {
			isa = XCBuildConfiguration;
			buildSettings = {
				ASSETCATALOG_COMPILER_APPICON_NAME = AppIcon;
				INFOPLIST_FILE = "Rokk3rLabs Test/Info.plist";
				LD_RUNPATH_SEARCH_PATHS = "$(inherited) @executable_path/Frameworks";
				PRODUCT_BUNDLE_IDENTIFIER = "com.test.Rokk3rLabs-Test";
				PRODUCT_NAME = "$(TARGET_NAME)";
			};
			name = Debug;
		};
		DED9228A1C6E822300AA020F /* Release */ = {
			isa = XCBuildConfiguration;
			buildSettings = {
				ASSETCATALOG_COMPILER_APPICON_NAME = AppIcon;
				INFOPLIST_FILE = "Rokk3rLabs Test/Info.plist";
				LD_RUNPATH_SEARCH_PATHS = "$(inherited) @executable_path/Frameworks";
				PRODUCT_BUNDLE_IDENTIFIER = "com.test.Rokk3rLabs-Test";
				PRODUCT_NAME = "$(TARGET_NAME)";
			};
			name = Release;
		};
		DED9228C1C6E822300AA020F /* Debug */ = {
			isa = XCBuildConfiguration;
			buildSettings = {
				BUNDLE_LOADER = "$(TEST_HOST)";
				INFOPLIST_FILE = "Rokk3rLabs TestTests/Info.plist";
				LD_RUNPATH_SEARCH_PATHS = "$(inherited) @executable_path/Frameworks @loader_path/Frameworks";
				PRODUCT_BUNDLE_IDENTIFIER = "com.test.Rokk3rLabs-TestTests";
				PRODUCT_NAME = "$(TARGET_NAME)";
				TEST_HOST = "$(BUILT_PRODUCTS_DIR)/Rokk3rLabs Test.app/Rokk3rLabs Test";
			};
			name = Debug;
		};
		DED9228D1C6E822300AA020F /* Release */ = {
			isa = XCBuildConfiguration;
			buildSettings = {
				BUNDLE_LOADER = "$(TEST_HOST)";
				INFOPLIST_FILE = "Rokk3rLabs TestTests/Info.plist";
				LD_RUNPATH_SEARCH_PATHS = "$(inherited) @executable_path/Frameworks @loader_path/Frameworks";
				PRODUCT_BUNDLE_IDENTIFIER = "com.test.Rokk3rLabs-TestTests";
				PRODUCT_NAME = "$(TARGET_NAME)";
				TEST_HOST = "$(BUILT_PRODUCTS_DIR)/Rokk3rLabs Test.app/Rokk3rLabs Test";
			};
			name = Release;
		};
/* End XCBuildConfiguration section */

/* Begin XCConfigurationList section */
		DED922661C6E822300AA020F /* Build configuration list for PBXProject "Rokk3rLabs Test" */ = {
			isa = XCConfigurationList;
			buildConfigurations = (
				DED922861C6E822300AA020F /* Debug */,
				DED922871C6E822300AA020F /* Release */,
			);
			defaultConfigurationIsVisible = 0;
			defaultConfigurationName = Release;
		};
		DED922881C6E822300AA020F /* Build configuration list for PBXNativeTarget "Rokk3rLabs Test" */ = {
			isa = XCConfigurationList;
			buildConfigurations = (
				DED922891C6E822300AA020F /* Debug */,
				DED9228A1C6E822300AA020F /* Release */,
			);
			defaultConfigurationIsVisible = 0;
		};
		DED9228B1C6E822300AA020F /* Build configuration list for PBXNativeTarget "Rokk3rLabs TestTests" */ = {
			isa = XCConfigurationList;
			buildConfigurations = (
				DED9228C1C6E822300AA020F /* Debug */,
				DED9228D1C6E822300AA020F /* Release */,
			);
			defaultConfigurationIsVisible = 0;
		};
/* End XCConfigurationList section */
	};
	rootObject = DED922631C6E822300AA020F /* Project object */;
}
